
Microsoft Visual Studio Solution File, Format Version 12.00
# Visual Studio Version 16
VisualStudioVersion = 16.0.29123.88
MinimumVisualStudioVersion = 10.0.40219.1
Project("{FAE04EC0-301F-11D3-BF4B-00C04F79EFBC}") = "FIT5032_Week02", "FIT5032_Week02\FIT5032_Week02.csproj", "{7B134F6B-C6A0-4268-B954-0DB6322433C0}"
EndProject
Project("{FAE04EC0-301F-11D3-BF4B-00C04F79EFBC}") = "FIT5032_Week02.Tests", "FIT5032_Week02.Tests\FIT5032_Week02.Tests.csproj", "{E1CEFA45-7F7D-436F-89C1-919822A94F62}"
EndProject
Global
	GlobalSection(SolutionConfigurationPlatforms) = preSolution
		Debug|Any CPU = Debug|Any CPU
		Release|Any CPU = Release|Any CPU
	EndGlobalSection
	GlobalSection(ProjectConfigurationPlatforms) = postSolution
		{7B134F6B-C6A0-4268-B954-0DB6322433C0}.Debug|Any CPU.ActiveCfg = Debug|Any CPU
		{7B134F6B-C6A0-4268-B954-0DB6322433C0}.Debug|Any CPU.Build.0 = Debug|Any CPU
		{7B134F6B-C6A0-4268-B954-0DB6322433C0}.Release|Any CPU.ActiveCfg = Release|Any CPU
		{7B134F6B-C6A0-4268-B954-0DB6322433C0}.Release|Any CPU.Build.0 = Release|Any CPU
		{E1CEFA45-7F7D-436F-89C1-919822A94F62}.Debug|Any CPU.ActiveCfg = Debug|Any CPU
		{E1CEFA45-7F7D-436F-89C1-919822A94F62}.Debug|Any CPU.Build.0 = Debug|Any CPU
		{E1CEFA45-7F7D-436F-89C1-919822A94F62}.Release|Any CPU.ActiveCfg = Release|Any CPU
		{E1CEFA45-7F7D-436F-89C1-919822A94F62}.Release|Any CPU.Build.0 = Release|Any CPU
	EndGlobalSection
	GlobalSection(SolutionProperties) = preSolution
		HideSolutionNode = FALSE
	EndGlobalSection
	GlobalSection(ExtensibilityGlobals) = postSolution
		SolutionGuid = {CC3B00D4-4707-4425-A328-023FDF2A1F01}
	EndGlobalSection
EndGlobal
